
Microsoft Visual Studio Solution File, Format Version 12.00
# Visual Studio Version 17
VisualStudioVersion = 17.11.35222.181
MinimumVisualStudioVersion = 10.0.40219.1
Project("{FAE04EC0-301F-11D3-BF4B-00C04F79EFBC}") = "Pratik-Jwt", "Pratik-Jwt\Pratik-Jwt.csproj", "{5FA69F30-BD97-49C1-A42F-58B8421C761C}"
EndProject
Global
	GlobalSection(SolutionConfigurationPlatforms) = preSolution
		Debug|Any CPU = Debug|Any CPU
		Release|Any CPU = Release|Any CPU
	EndGlobalSection
	GlobalSection(ProjectConfigurationPlatforms) = postSolution
		{5FA69F30-BD97-49C1-A42F-58B8421C761C}.Debug|Any CPU.ActiveCfg = Debug|Any CPU
		{5FA69F30-BD97-49C1-A42F-58B8421C761C}.Debug|Any CPU.Build.0 = Debug|Any CPU
		{5FA69F30-BD97-49C1-A42F-58B8421C761C}.Release|Any CPU.ActiveCfg = Release|Any CPU
		{5FA69F30-BD97-49C1-A42F-58B8421C761C}.Release|Any CPU.Build.0 = Release|Any CPU
	EndGlobalSection
	GlobalSection(SolutionProperties) = preSolution
		HideSolutionNode = FALSE
	EndGlobalSection
	GlobalSection(ExtensibilityGlobals) = postSolution
		SolutionGuid = {36221516-60E1-41BB-BAF3-8DC15121B58C}
	EndGlobalSection
EndGlobal
